
Microsoft Visual Studio Solution File, Format Version 12.00
# Visual Studio Version 17
VisualStudioVersion = 17.14.36518.9
MinimumVisualStudioVersion = 10.0.40219.1
Project("{FAE04EC0-301F-11D3-BF4B-00C04F79EFBC}") = "Dorisoy.Utils", "src\Dorisoy.Utils\Dorisoy.Utils.csproj", "{325DF5E7-F083-443D-BF6E-2EF18CA0ED65}"
EndProject
Project("{2150E333-8FDC-42A3-9474-1A3956D46DE8}") = "01_Core", "01_Core", "{68AF934F-EB71-4678-9DAE-47771CD714F1}"
EndProject
Project("{FAE04EC0-301F-11D3-BF4B-00C04F79EFBC}") = "Dorisoy.Libuv", "src\Dorisoy.Libuv\Dorisoy.Libuv.csproj", "{CD4D193F-AB77-471E-A733-15D8C02EEF90}"
EndProject
Project("{FAE04EC0-301F-11D3-BF4B-00C04F79EFBC}") = "Dorisoy.Mediasoup", "src\Dorisoy.Mediasoup\Dorisoy.Mediasoup.csproj", "{63DDBD5C-80E0-4784-AA14-46F5FE63379B}"
EndProject
Project("{2150E333-8FDC-42A3-9474-1A3956D46DE8}") = "02_Mediasoup", "02_Mediasoup", "{055CF81D-6689-4606-ACE2-4153B31D67A7}"
EndProject
Project("{FAE04EC0-301F-11D3-BF4B-00C04F79EFBC}") = "Dorisoy.Mediasoup.Common", "src\Dorisoy.Mediasoup.Common\Dorisoy.Mediasoup.Common.csproj", "{1FF3AA51-07D9-40D0-BF57-D32938A4E5EB}"
EndProject
Project("{FAE04EC0-301F-11D3-BF4B-00C04F79EFBC}") = "Dorisoy.Mediasoup.AspNetCore", "src\Dorisoy.Mediasoup.AspNetCore\Dorisoy.Mediasoup.AspNetCore.csproj", "{AC281D6D-1522-45C2-B4E9-E1F0B1E5D26F}"
EndProject
Project("{2150E333-8FDC-42A3-9474-1A3956D46DE8}") = "03_Meeting", "03_Meeting", "{3022B5C8-029D-4820-A750-50C26012C147}"
EndProject
Project("{FAE04EC0-301F-11D3-BF4B-00C04F79EFBC}") = "Dorisoy.Meeting.Server", "src\Dorisoy.Meeting.Server\Dorisoy.Meeting.Server.csproj", "{5981D188-8042-4757-8211-6800D4A8881D}"
EndProject
Project("{FAE04EC0-301F-11D3-BF4B-00C04F79EFBC}") = "Dorisoy.Meeting.Web", "src\Dorisoy.Meeting.Web\Dorisoy.Meeting.Web.csproj", "{09DB027B-F4C8-48A5-BE59-E22AC8DCB3D9}"
EndProject
Project("{2150E333-8FDC-42A3-9474-1A3956D46DE8}") = "src", "src", "{827E0CD3-B72D-47B6-A68D-7590B98EB39B}"
EndProject
Project("{FAE04EC0-301F-11D3-BF4B-00C04F79EFBC}") = "Dorisoy.Meeting.Client", "src\Dorisoy.Meeting.Client\Dorisoy.Meeting.Client.csproj", "{980BFA30-ADFD-4E2C-8335-F62822306AA6}"
EndProject
Project("{2150E333-8FDC-42A3-9474-1A3956D46DE8}") = "UI", "UI", "{FA674B5A-3394-926C-2B1E-70E5B00E4A5C}"
EndProject
Project("{2150E333-8FDC-42A3-9474-1A3956D46DE8}") = "00_Solution Items", "00_Solution Items", "{375DFF1F-6467-1063-CFF5-67DA878FEE91}"
	ProjectSection(SolutionItems) = preProject
		Delete-BIN-OBJ-Folders.bat = Delete-BIN-OBJ-Folders.bat
		Directory.Packages.props = Directory.Packages.props
		LICENSE = LICENSE
		README.md = README.md
	EndProjectSection
EndProject
Project("{FAE04EC0-301F-11D3-BF4B-00C04F79EFBC}") = "Wpf.Ui", "UI\Wpf.Ui\Wpf.Ui.csproj", "{9C140FF9-0656-05D0-716E-DD750ABC3E14}"
EndProject
Project("{FAE04EC0-301F-11D3-BF4B-00C04F79EFBC}") = "Wpf.Ui.Abstractions", "UI\Wpf.Ui.Abstractions\Wpf.Ui.Abstractions.csproj", "{FDCFC826-23D8-DDBC-20A7-A9C2AE3E895D}"
EndProject
Project("{FAE04EC0-301F-11D3-BF4B-00C04F79EFBC}") = "Wpf.Ui.DependencyInjection", "UI\Wpf.Ui.DependencyInjection\Wpf.Ui.DependencyInjection.csproj", "{C3CD51FB-1C86-2C1B-A101-ECC450094B74}"
EndProject
Project("{FAE04EC0-301F-11D3-BF4B-00C04F79EFBC}") = "Wpf.Ui.FontMapper", "UI\Wpf.Ui.FontMapper\Wpf.Ui.FontMapper.csproj", "{AA6DFAF2-B0C7-DBA1-8B5E-8A05DA7A974B}"
EndProject
Project("{FAE04EC0-301F-11D3-BF4B-00C04F79EFBC}") = "Wpf.Ui.Gallery", "UI\Wpf.Ui.Gallery\Wpf.Ui.Gallery.csproj", "{39B09D32-78CA-9F54-CA66-7AC95A417940}"
EndProject
Project("{FAE04EC0-301F-11D3-BF4B-00C04F79EFBC}") = "Wpf.Ui.SyntaxHighlight", "UI\Wpf.Ui.SyntaxHighlight\Wpf.Ui.SyntaxHighlight.csproj", "{F3CF028F-8A7F-712D-C6C9-58CD6A703DAE}"
EndProject
Project("{FAE04EC0-301F-11D3-BF4B-00C04F79EFBC}") = "Wpf.Ui.ToastNotifications", "UI\Wpf.Ui.ToastNotifications\Wpf.Ui.ToastNotifications.csproj", "{D4B7AC22-2B6D-4A82-EEE6-8FFE68C70A70}"
EndProject
Project("{FAE04EC0-301F-11D3-BF4B-00C04F79EFBC}") = "Wpf.Ui.Tray", "UI\Wpf.Ui.Tray\Wpf.Ui.Tray.csproj", "{9276894F-D0E5-AA6D-5713-ABD8998F54F5}"
EndProject
Global
	GlobalSection(SolutionConfigurationPlatforms) = preSolution
		Debug|Any CPU = Debug|Any CPU
		Debug|x64 = Debug|x64
		Debug|x86 = Debug|x86
		Release|Any CPU = Release|Any CPU
		Release|x64 = Release|x64
		Release|x86 = Release|x86
	EndGlobalSection
	GlobalSection(ProjectConfigurationPlatforms) = postSolution
		{325DF5E7-F083-443D-BF6E-2EF18CA0ED65}.Debug|Any CPU.ActiveCfg = Debug|Any CPU
		{325DF5E7-F083-443D-BF6E-2EF18CA0ED65}.Debug|Any CPU.Build.0 = Debug|Any CPU
		{325DF5E7-F083-443D-BF6E-2EF18CA0ED65}.Debug|x64.ActiveCfg = Debug|Any CPU
		{325DF5E7-F083-443D-BF6E-2EF18CA0ED65}.Debug|x64.Build.0 = Debug|Any CPU
		{325DF5E7-F083-443D-BF6E-2EF18CA0ED65}.Debug|x86.ActiveCfg = Debug|Any CPU
		{325DF5E7-F083-443D-BF6E-2EF18CA0ED65}.Debug|x86.Build.0 = Debug|Any CPU
		{325DF5E7-F083-443D-BF6E-2EF18CA0ED65}.Release|Any CPU.ActiveCfg = Release|Any CPU
		{325DF5E7-F083-443D-BF6E-2EF18CA0ED65}.Release|Any CPU.Build.0 = Release|Any CPU
		{325DF5E7-F083-443D-BF6E-2EF18CA0ED65}.Release|x64.ActiveCfg = Release|Any CPU
		{325DF5E7-F083-443D-BF6E-2EF18CA0ED65}.Release|x64.Build.0 = Release|Any CPU
		{325DF5E7-F083-443D-BF6E-2EF18CA0ED65}.Release|x86.ActiveCfg = Release|Any CPU
		{325DF5E7-F083-443D-BF6E-2EF18CA0ED65}.Release|x86.Build.0 = Release|Any CPU
		{CD4D193F-AB77-471E-A733-15D8C02EEF90}.Debug|Any CPU.ActiveCfg = Debug|Any CPU
		{CD4D193F-AB77-471E-A733-15D8C02EEF90}.Debug|Any CPU.Build.0 = Debug|Any CPU
		{CD4D193F-AB77-471E-A733-15D8C02EEF90}.Debug|x64.ActiveCfg = Debug|Any CPU
		{CD4D193F-AB77-471E-A733-15D8C02EEF90}.Debug|x64.Build.0 = Debug|Any CPU
		{CD4D193F-AB77-471E-A733-15D8C02EEF90}.Debug|x86.ActiveCfg = Debug|Any CPU
		{CD4D193F-AB77-471E-A733-15D8C02EEF90}.Debug|x86.Build.0 = Debug|Any CPU
		{CD4D193F-AB77-471E-A733-15D8C02EEF90}.Release|Any CPU.ActiveCfg = Release|Any CPU
		{CD4D193F-AB77-471E-A733-15D8C02EEF90}.Release|Any CPU.Build.0 = Release|Any CPU
		{CD4D193F-AB77-471E-A733-15D8C02EEF90}.Release|x64.ActiveCfg = Release|Any CPU
		{CD4D193F-AB77-471E-A733-15D8C02EEF90}.Release|x64.Build.0 = Release|Any CPU
		{CD4D193F-AB77-471E-A733-15D8C02EEF90}.Release|x86.ActiveCfg = Release|Any CPU
		{CD4D193F-AB77-471E-A733-15D8C02EEF90}.Release|x86.Build.0 = Release|Any CPU
		{63DDBD5C-80E0-4784-AA14-46F5FE63379B}.Debug|Any CPU.ActiveCfg = Debug|Any CPU
		{63DDBD5C-80E0-4784-AA14-46F5FE63379B}.Debug|Any CPU.Build.0 = Debug|Any CPU
		{63DDBD5C-80E0-4784-AA14-46F5FE63379B}.Debug|x64.ActiveCfg = Debug|Any CPU
		{63DDBD5C-80E0-4784-AA14-46F5FE63379B}.Debug|x64.Build.0 = Debug|Any CPU
		{63DDBD5C-80E0-4784-AA14-46F5FE63379B}.Debug|x86.ActiveCfg = Debug|Any CPU
		{63DDBD5C-80E0-4784-AA14-46F5FE63379B}.Debug|x86.Build.0 = Debug|Any CPU
		{63DDBD5C-80E0-4784-AA14-46F5FE63379B}.Release|Any CPU.ActiveCfg = Release|Any CPU
		{63DDBD5C-80E0-4784-AA14-46F5FE63379B}.Release|Any CPU.Build.0 = Release|Any CPU
		{63DDBD5C-80E0-4784-AA14-46F5FE63379B}.Release|x64.ActiveCfg = Release|Any CPU
		{63DDBD5C-80E0-4784-AA14-46F5FE63379B}.Release|x64.Build.0 = Release|Any CPU
		{63DDBD5C-80E0-4784-AA14-46F5FE63379B}.Release|x86.ActiveCfg = Release|Any CPU
		{63DDBD5C-80E0-4784-AA14-46F5FE63379B}.Release|x86.Build.0 = Release|Any CPU
		{1FF3AA51-07D9-40D0-BF57-D32938A4E5EB}.Debug|Any CPU.ActiveCfg = Debug|Any CPU
		{1FF3AA51-07D9-40D0-BF57-D32938A4E5EB}.Debug|Any CPU.Build.0 = Debug|Any CPU
		{1FF3AA51-07D9-40D0-BF57-D32938A4E5EB}.Debug|x64.ActiveCfg = Debug|Any CPU
		{1FF3AA51-07D9-40D0-BF57-D32938A4E5EB}.Debug|x64.Build.0 = Debug|Any CPU
		{1FF3AA51-07D9-40D0-BF57-D32938A4E5EB}.Debug|x86.ActiveCfg = Debug|Any CPU
		{1FF3AA51-07D9-40D0-BF57-D32938A4E5EB}.Debug|x86.Build.0 = Debug|Any CPU
		{1FF3AA51-07D9-40D0-BF57-D32938A4E5EB}.Release|Any CPU.ActiveCfg = Release|Any CPU
		{1FF3AA51-07D9-40D0-BF57-D32938A4E5EB}.Release|Any CPU.Build.0 = Release|Any CPU
		{1FF3AA51-07D9-40D0-BF57-D32938A4E5EB}.Release|x64.ActiveCfg = Release|Any CPU
		{1FF3AA51-07D9-40D0-BF57-D32938A4E5EB}.Release|x64.Build.0 = Release|Any CPU
		{1FF3AA51-07D9-40D0-BF57-D32938A4E5EB}.Release|x86.ActiveCfg = Release|Any CPU
		{1FF3AA51-07D9-40D0-BF57-D32938A4E5EB}.Release|x86.Build.0 = Release|Any CPU
		{AC281D6D-1522-45C2-B4E9-E1F0B1E5D26F}.Debug|Any CPU.ActiveCfg = Debug|Any CPU
		{AC281D6D-1522-45C2-B4E9-E1F0B1E5D26F}.Debug|Any CPU.Build.0 = Debug|Any CPU
		{AC281D6D-1522-45C2-B4E9-E1F0B1E5D26F}.Debug|x64.ActiveCfg = Debug|Any CPU
		{AC281D6D-1522-45C2-B4E9-E1F0B1E5D26F}.Debug|x64.Build.0 = Debug|Any CPU
		{AC281D6D-1522-45C2-B4E9-E1F0B1E5D26F}.Debug|x86.ActiveCfg = Debug|Any CPU
		{AC281D6D-1522-45C2-B4E9-E1F0B1E5D26F}.Debug|x86.Build.0 = Debug|Any CPU
		{AC281D6D-1522-45C2-B4E9-E1F0B1E5D26F}.Release|Any CPU.ActiveCfg = Release|Any CPU
		{AC281D6D-1522-45C2-B4E9-E1F0B1E5D26F}.Release|Any CPU.Build.0 = Release|Any CPU
		{AC281D6D-1522-45C2-B4E9-E1F0B1E5D26F}.Release|x64.ActiveCfg = Release|Any CPU
		{AC281D6D-1522-45C2-B4E9-E1F0B1E5D26F}.Release|x64.Build.0 = Release|Any CPU
		{AC281D6D-1522-45C2-B4E9-E1F0B1E5D26F}.Release|x86.ActiveCfg = Release|Any CPU
		{AC281D6D-1522-45C2-B4E9-E1F0B1E5D26F}.Release|x86.Build.0 = Release|Any CPU
		{5981D188-8042-4757-8211-6800D4A8881D}.Debug|Any CPU.ActiveCfg = Debug|Any CPU
		{5981D188-8042-4757-8211-6800D4A8881D}.Debug|Any CPU.Build.0 = Debug|Any CPU
		{5981D188-8042-4757-8211-6800D4A8881D}.Debug|x64.ActiveCfg = Debug|Any CPU
		{5981D188-8042-4757-8211-6800D4A8881D}.Debug|x64.Build.0 = Debug|Any CPU
		{5981D188-8042-4757-8211-6800D4A8881D}.Debug|x86.ActiveCfg = Debug|Any CPU
		{5981D188-8042-4757-8211-6800D4A8881D}.Debug|x86.Build.0 = Debug|Any CPU
		{5981D188-8042-4757-8211-6800D4A8881D}.Release|Any CPU.ActiveCfg = Release|Any CPU
		{5981D188-8042-4757-8211-6800D4A8881D}.Release|Any CPU.Build.0 = Release|Any CPU
		{5981D188-8042-4757-8211-6800D4A8881D}.Release|x64.ActiveCfg = Release|Any CPU
		{5981D188-8042-4757-8211-6800D4A8881D}.Release|x64.Build.0 = Release|Any CPU
		{5981D188-8042-4757-8211-6800D4A8881D}.Release|x86.ActiveCfg = Release|Any CPU
		{5981D188-8042-4757-8211-6800D4A8881D}.Release|x86.Build.0 = Release|Any CPU
		{09DB027B-F4C8-48A5-BE59-E22AC8DCB3D9}.Debug|Any CPU.ActiveCfg = Debug|Any CPU
		{09DB027B-F4C8-48A5-BE59-E22AC8DCB3D9}.Debug|Any CPU.Build.0 = Debug|Any CPU
		{09DB027B-F4C8-48A5-BE59-E22AC8DCB3D9}.Debug|x64.ActiveCfg = Debug|Any CPU
		{09DB027B-F4C8-48A5-BE59-E22AC8DCB3D9}.Debug|x64.Build.0 = Debug|Any CPU
		{09DB027B-F4C8-48A5-BE59-E22AC8DCB3D9}.Debug|x86.ActiveCfg = Debug|Any CPU
		{09DB027B-F4C8-48A5-BE59-E22AC8DCB3D9}.Debug|x86.Build.0 = Debug|Any CPU
		{09DB027B-F4C8-48A5-BE59-E22AC8DCB3D9}.Release|Any CPU.ActiveCfg = Release|Any CPU
		{09DB027B-F4C8-48A5-BE59-E22AC8DCB3D9}.Release|Any CPU.Build.0 = Release|Any CPU
		{09DB027B-F4C8-48A5-BE59-E22AC8DCB3D9}.Release|x64.ActiveCfg = Release|Any CPU
		{09DB027B-F4C8-48A5-BE59-E22AC8DCB3D9}.Release|x64.Build.0 = Release|Any CPU
		{09DB027B-F4C8-48A5-BE59-E22AC8DCB3D9}.Release|x86.ActiveCfg = Release|Any CPU
		{09DB027B-F4C8-48A5-BE59-E22AC8DCB3D9}.Release|x86.Build.0 = Release|Any CPU
		{980BFA30-ADFD-4E2C-8335-F62822306AA6}.Debug|Any CPU.ActiveCfg = Debug|Any CPU
		{980BFA30-ADFD-4E2C-8335-F62822306AA6}.Debug|Any CPU.Build.0 = Debug|Any CPU
		{980BFA30-ADFD-4E2C-8335-F62822306AA6}.Debug|x64.ActiveCfg = Debug|Any CPU
		{980BFA30-ADFD-4E2C-8335-F62822306AA6}.Debug|x64.Build.0 = Debug|Any CPU
		{980BFA30-ADFD-4E2C-8335-F62822306AA6}.Debug|x86.ActiveCfg = Debug|Any CPU
		{980BFA30-ADFD-4E2C-8335-F62822306AA6}.Debug|x86.Build.0 = Debug|Any CPU
		{980BFA30-ADFD-4E2C-8335-F62822306AA6}.Release|Any CPU.ActiveCfg = Release|Any CPU
		{980BFA30-ADFD-4E2C-8335-F62822306AA6}.Release|Any CPU.Build.0 = Release|Any CPU
		{980BFA30-ADFD-4E2C-8335-F62822306AA6}.Release|x64.ActiveCfg = Release|Any CPU
		{980BFA30-ADFD-4E2C-8335-F62822306AA6}.Release|x64.Build.0 = Release|Any CPU
		{980BFA30-ADFD-4E2C-8335-F62822306AA6}.Release|x86.ActiveCfg = Release|Any CPU
		{980BFA30-ADFD-4E2C-8335-F62822306AA6}.Release|x86.Build.0 = Release|Any CPU
		{9C140FF9-0656-05D0-716E-DD750ABC3E14}.Debug|Any CPU.ActiveCfg = Debug|Any CPU
		{9C140FF9-0656-05D0-716E-DD750ABC3E14}.Debug|Any CPU.Build.0 = Debug|Any CPU
		{9C140FF9-0656-05D0-716E-DD750ABC3E14}.Debug|x64.ActiveCfg = Debug|Any CPU
		{9C140FF9-0656-05D0-716E-DD750ABC3E14}.Debug|x64.Build.0 = Debug|Any CPU
		{9C140FF9-0656-05D0-716E-DD750ABC3E14}.Debug|x86.ActiveCfg = Debug|Any CPU
		{9C140FF9-0656-05D0-716E-DD750ABC3E14}.Debug|x86.Build.0 = Debug|Any CPU
		{9C140FF9-0656-05D0-716E-DD750ABC3E14}.Release|Any CPU.ActiveCfg = Release|Any CPU
		{9C140FF9-0656-05D0-716E-DD750ABC3E14}.Release|Any CPU.Build.0 = Release|Any CPU
		{9C140FF9-0656-05D0-716E-DD750ABC3E14}.Release|x64.ActiveCfg = Release|Any CPU
		{9C140FF9-0656-05D0-716E-DD750ABC3E14}.Release|x64.Build.0 = Release|Any CPU
		{9C140FF9-0656-05D0-716E-DD750ABC3E14}.Release|x86.ActiveCfg = Release|Any CPU
		{9C140FF9-0656-05D0-716E-DD750ABC3E14}.Release|x86.Build.0 = Release|Any CPU
		{FDCFC826-23D8-DDBC-20A7-A9C2AE3E895D}.Debug|Any CPU.ActiveCfg = Debug|Any CPU
		{FDCFC826-23D8-DDBC-20A7-A9C2AE3E895D}.Debug|Any CPU.Build.0 = Debug|Any CPU
		{FDCFC826-23D8-DDBC-20A7-A9C2AE3E895D}.Debug|x64.ActiveCfg = Debug|Any CPU
		{FDCFC826-23D8-DDBC-20A7-A9C2AE3E895D}.Debug|x64.Build.0 = Debug|Any CPU
		{FDCFC826-23D8-DDBC-20A7-A9C2AE3E895D}.Debug|x86.ActiveCfg = Debug|Any CPU
		{FDCFC826-23D8-DDBC-20A7-A9C2AE3E895D}.Debug|x86.Build.0 = Debug|Any CPU
		{FDCFC826-23D8-DDBC-20A7-A9C2AE3E895D}.Release|Any CPU.ActiveCfg = Release|Any CPU
		{FDCFC826-23D8-DDBC-20A7-A9C2AE3E895D}.Release|Any CPU.Build.0 = Release|Any CPU
		{FDCFC826-23D8-DDBC-20A7-A9C2AE3E895D}.Release|x64.ActiveCfg = Release|Any CPU
		{FDCFC826-23D8-DDBC-20A7-A9C2AE3E895D}.Release|x64.Build.0 = Release|Any CPU
		{FDCFC826-23D8-DDBC-20A7-A9C2AE3E895D}.Release|x86.ActiveCfg = Release|Any CPU
		{FDCFC826-23D8-DDBC-20A7-A9C2AE3E895D}.Release|x86.Build.0 = Release|Any CPU
		{C3CD51FB-1C86-2C1B-A101-ECC450094B74}.Debug|Any CPU.ActiveCfg = Debug|Any CPU
		{C3CD51FB-1C86-2C1B-A101-ECC450094B74}.Debug|Any CPU.Build.0 = Debug|Any CPU
		{C3CD51FB-1C86-2C1B-A101-ECC450094B74}.Debug|x64.ActiveCfg = Debug|Any CPU
		{C3CD51FB-1C86-2C1B-A101-ECC450094B74}.Debug|x64.Build.0 = Debug|Any CPU
		{C3CD51FB-1C86-2C1B-A101-ECC450094B74}.Debug|x86.ActiveCfg = Debug|Any CPU
		{C3CD51FB-1C86-2C1B-A101-ECC450094B74}.Debug|x86.Build.0 = Debug|Any CPU
		{C3CD51FB-1C86-2C1B-A101-ECC450094B74}.Release|Any CPU.ActiveCfg = Release|Any CPU
		{C3CD51FB-1C86-2C1B-A101-ECC450094B74}.Release|Any CPU.Build.0 = Release|Any CPU
		{C3CD51FB-1C86-2C1B-A101-ECC450094B74}.Release|x64.ActiveCfg = Release|Any CPU
		{C3CD51FB-1C86-2C1B-A101-ECC450094B74}.Release|x64.Build.0 = Release|Any CPU
		{C3CD51FB-1C86-2C1B-A101-ECC450094B74}.Release|x86.ActiveCfg = Release|Any CPU
		{C3CD51FB-1C86-2C1B-A101-ECC450094B74}.Release|x86.Build.0 = Release|Any CPU
		{AA6DFAF2-B0C7-DBA1-8B5E-8A05DA7A974B}.Debug|Any CPU.ActiveCfg = Debug|Any CPU
		{AA6DFAF2-B0C7-DBA1-8B5E-8A05DA7A974B}.Debug|Any CPU.Build.0 = Debug|Any CPU
		{AA6DFAF2-B0C7-DBA1-8B5E-8A05DA7A974B}.Debug|x64.ActiveCfg = Debug|Any CPU
		{AA6DFAF2-B0C7-DBA1-8B5E-8A05DA7A974B}.Debug|x64.Build.0 = Debug|Any CPU
		{AA6DFAF2-B0C7-DBA1-8B5E-8A05DA7A974B}.Debug|x86.ActiveCfg = Debug|Any CPU
		{AA6DFAF2-B0C7-DBA1-8B5E-8A05DA7A974B}.Debug|x86.Build.0 = Debug|Any CPU
		{AA6DFAF2-B0C7-DBA1-8B5E-8A05DA7A974B}.Release|Any CPU.ActiveCfg = Release|Any CPU
		{AA6DFAF2-B0C7-DBA1-8B5E-8A05DA7A974B}.Release|Any CPU.Build.0 = Release|Any CPU
		{AA6DFAF2-B0C7-DBA1-8B5E-8A05DA7A974B}.Release|x64.ActiveCfg = Release|Any CPU
		{AA6DFAF2-B0C7-DBA1-8B5E-8A05DA7A974B}.Release|x64.Build.0 = Release|Any CPU
		{AA6DFAF2-B0C7-DBA1-8B5E-8A05DA7A974B}.Release|x86.ActiveCfg = Release|Any CPU
		{AA6DFAF2-B0C7-DBA1-8B5E-8A05DA7A974B}.Release|x86.Build.0 = Release|Any CPU
		{39B09D32-78CA-9F54-CA66-7AC95A417940}.Debug|Any CPU.ActiveCfg = Debug|Any CPU
		{39B09D32-78CA-9F54-CA66-7AC95A417940}.Debug|Any CPU.Build.0 = Debug|Any CPU
		{39B09D32-78CA-9F54-CA66-7AC95A417940}.Debug|x64.ActiveCfg = Debug|x64
		{39B09D32-78CA-9F54-CA66-7AC95A417940}.Debug|x64.Build.0 = Debug|x64
		{39B09D32-78CA-9F54-CA66-7AC95A417940}.Debug|x86.ActiveCfg = Debug|x86
		{39B09D32-78CA-9F54-CA66-7AC95A417940}.Debug|x86.Build.0 = Debug|x86
		{39B09D32-78CA-9F54-CA66-7AC95A417940}.Release|Any CPU.ActiveCfg = Release|Any CPU
		{39B09D32-78CA-9F54-CA66-7AC95A417940}.Release|Any CPU.Build.0 = Release|Any CPU
		{39B09D32-78CA-9F54-CA66-7AC95A417940}.Release|x64.ActiveCfg = Release|x64
		{39B09D32-78CA-9F54-CA66-7AC95A417940}.Release|x64.Build.0 = Release|x64
		{39B09D32-78CA-9F54-CA66-7AC95A417940}.Release|x86.ActiveCfg = Release|x86
		{39B09D32-78CA-9F54-CA66-7AC95A417940}.Release|x86.Build.0 = Release|x86
		{F3CF028F-8A7F-712D-C6C9-58CD6A703DAE}.Debug|Any CPU.ActiveCfg = Debug|Any CPU
		{F3CF028F-8A7F-712D-C6C9-58CD6A703DAE}.Debug|Any CPU.Build.0 = Debug|Any CPU
		{F3CF028F-8A7F-712D-C6C9-58CD6A703DAE}.Debug|x64.ActiveCfg = Debug|Any CPU
		{F3CF028F-8A7F-712D-C6C9-58CD6A703DAE}.Debug|x64.Build.0 = Debug|Any CPU
		{F3CF028F-8A7F-712D-C6C9-58CD6A703DAE}.Debug|x86.ActiveCfg = Debug|Any CPU
		{F3CF028F-8A7F-712D-C6C9-58CD6A703DAE}.Debug|x86.Build.0 = Debug|Any CPU
		{F3CF028F-8A7F-712D-C6C9-58CD6A703DAE}.Release|Any CPU.ActiveCfg = Release|Any CPU
		{F3CF028F-8A7F-712D-C6C9-58CD6A703DAE}.Release|Any CPU.Build.0 = Release|Any CPU
		{F3CF028F-8A7F-712D-C6C9-58CD6A703DAE}.Release|x64.ActiveCfg = Release|Any CPU
		{F3CF028F-8A7F-712D-C6C9-58CD6A703DAE}.Release|x64.Build.0 = Release|Any CPU
		{F3CF028F-8A7F-712D-C6C9-58CD6A703DAE}.Release|x86.ActiveCfg = Release|Any CPU
		{F3CF028F-8A7F-712D-C6C9-58CD6A703DAE}.Release|x86.Build.0 = Release|Any CPU
		{D4B7AC22-2B6D-4A82-EEE6-8FFE68C70A70}.Debug|Any CPU.ActiveCfg = Debug|Any CPU
		{D4B7AC22-2B6D-4A82-EEE6-8FFE68C70A70}.Debug|Any CPU.Build.0 = Debug|Any CPU
		{D4B7AC22-2B6D-4A82-EEE6-8FFE68C70A70}.Debug|x64.ActiveCfg = Debug|Any CPU
		{D4B7AC22-2B6D-4A82-EEE6-8FFE68C70A70}.Debug|x64.Build.0 = Debug|Any CPU
		{D4B7AC22-2B6D-4A82-EEE6-8FFE68C70A70}.Debug|x86.ActiveCfg = Debug|Any CPU
		{D4B7AC22-2B6D-4A82-EEE6-8FFE68C70A70}.Debug|x86.Build.0 = Debug|Any CPU
		{D4B7AC22-2B6D-4A82-EEE6-8FFE68C70A70}.Release|Any CPU.ActiveCfg = Release|Any CPU
		{D4B7AC22-2B6D-4A82-EEE6-8FFE68C70A70}.Release|Any CPU.Build.0 = Release|Any CPU
		{D4B7AC22-2B6D-4A82-EEE6-8FFE68C70A70}.Release|x64.ActiveCfg = Release|Any CPU
		{D4B7AC22-2B6D-4A82-EEE6-8FFE68C70A70}.Release|x64.Build.0 = Release|Any CPU
		{D4B7AC22-2B6D-4A82-EEE6-8FFE68C70A70}.Release|x86.ActiveCfg = Release|Any CPU
		{D4B7AC22-2B6D-4A82-EEE6-8FFE68C70A70}.Release|x86.Build.0 = Release|Any CPU
		{9276894F-D0E5-AA6D-5713-ABD8998F54F5}.Debug|Any CPU.ActiveCfg = Debug|Any CPU
		{9276894F-D0E5-AA6D-5713-ABD8998F54F5}.Debug|Any CPU.Build.0 = Debug|Any CPU
		{9276894F-D0E5-AA6D-5713-ABD8998F54F5}.Debug|x64.ActiveCfg = Debug|Any CPU
		{9276894F-D0E5-AA6D-5713-ABD8998F54F5}.Debug|x64.Build.0 = Debug|Any CPU
		{9276894F-D0E5-AA6D-5713-ABD8998F54F5}.Debug|x86.ActiveCfg = Debug|Any CPU
		{9276894F-D0E5-AA6D-5713-ABD8998F54F5}.Debug|x86.Build.0 = Debug|Any CPU
		{9276894F-D0E5-AA6D-5713-ABD8998F54F5}.Release|Any CPU.ActiveCfg = Release|Any CPU
		{9276894F-D0E5-AA6D-5713-ABD8998F54F5}.Release|Any CPU.Build.0 = Release|Any CPU
		{9276894F-D0E5-AA6D-5713-ABD8998F54F5}.Release|x64.ActiveCfg = Release|Any CPU
		{9276894F-D0E5-AA6D-5713-ABD8998F54F5}.Release|x64.Build.0 = Release|Any CPU
		{9276894F-D0E5-AA6D-5713-ABD8998F54F5}.Release|x86.ActiveCfg = Release|Any CPU
		{9276894F-D0E5-AA6D-5713-ABD8998F54F5}.Release|x86.Build.0 = Release|Any CPU
	EndGlobalSection
	GlobalSection(SolutionProperties) = preSolution
		HideSolutionNode = FALSE
	EndGlobalSection
	GlobalSection(NestedProjects) = preSolution
		{325DF5E7-F083-443D-BF6E-2EF18CA0ED65} = {68AF934F-EB71-4678-9DAE-47771CD714F1}
		{CD4D193F-AB77-471E-A733-15D8C02EEF90} = {68AF934F-EB71-4678-9DAE-47771CD714F1}
		{63DDBD5C-80E0-4784-AA14-46F5FE63379B} = {055CF81D-6689-4606-ACE2-4153B31D67A7}
		{1FF3AA51-07D9-40D0-BF57-D32938A4E5EB} = {055CF81D-6689-4606-ACE2-4153B31D67A7}
		{AC281D6D-1522-45C2-B4E9-E1F0B1E5D26F} = {055CF81D-6689-4606-ACE2-4153B31D67A7}
		{5981D188-8042-4757-8211-6800D4A8881D} = {3022B5C8-029D-4820-A750-50C26012C147}
		{09DB027B-F4C8-48A5-BE59-E22AC8DCB3D9} = {3022B5C8-029D-4820-A750-50C26012C147}
		{980BFA30-ADFD-4E2C-8335-F62822306AA6} = {827E0CD3-B72D-47B6-A68D-7590B98EB39B}
		{9C140FF9-0656-05D0-716E-DD750ABC3E14} = {FA674B5A-3394-926C-2B1E-70E5B00E4A5C}
		{FDCFC826-23D8-DDBC-20A7-A9C2AE3E895D} = {FA674B5A-3394-926C-2B1E-70E5B00E4A5C}
		{C3CD51FB-1C86-2C1B-A101-ECC450094B74} = {FA674B5A-3394-926C-2B1E-70E5B00E4A5C}
		{AA6DFAF2-B0C7-DBA1-8B5E-8A05DA7A974B} = {FA674B5A-3394-926C-2B1E-70E5B00E4A5C}
		{39B09D32-78CA-9F54-CA66-7AC95A417940} = {FA674B5A-3394-926C-2B1E-70E5B00E4A5C}
		{F3CF028F-8A7F-712D-C6C9-58CD6A703DAE} = {FA674B5A-3394-926C-2B1E-70E5B00E4A5C}
		{D4B7AC22-2B6D-4A82-EEE6-8FFE68C70A70} = {FA674B5A-3394-926C-2B1E-70E5B00E4A5C}
		{9276894F-D0E5-AA6D-5713-ABD8998F54F5} = {FA674B5A-3394-926C-2B1E-70E5B00E4A5C}
	EndGlobalSection
	GlobalSection(ExtensibilityGlobals) = postSolution
		SolutionGuid = {A9333FD9-616F-4567-9803-93532D97E02B}
	EndGlobalSection
EndGlobal
